title: information-block
pages: false
files: true
fields:
  title:
    label: Title
    type:  text
  text:
    label: Text
    type:  textarea
  infoimage:
    label: Info image
    type:  Image
    required: true
  icon: 
    label: Icon
    type:  Image
    required: true

  # assignment:
  #   label: Assignment
  #   type: radio
  #   default: cryptography
  #   options:
  #     boss: Baas
  #     crime: Criminaliteit
  #     cryptography: Cryptografie
  #     key: Sleutel
  #     share: Pivacy
  #     store: Opslaan
